{
  "name": "heroku-addonpool",
  "version": "0.1.16",
  "lockfileVersion": 1,
  "requires": true,
  "dependencies": {
    "heroku-clisetup": {
      "version": "0.1.5",
      "resolved": "https://registry.npmjs.org/heroku-clisetup/-/heroku-clisetup-0.1.5.tgz",
      "integrity": "sha512-RZskGWKTZFN7PtbG9zg89GZi5v++iUopAiA4U7ecNOa98AV55mcpYWU+AGJ+fqehlc41CP7YhvhpaqWrHWdGkQ=="
    },
    "lodash.camelcase": {
      "version": "4.3.0",
      "resolved": "https://registry.npmjs.org/lodash.camelcase/-/lodash.camelcase-4.3.0.tgz",
      "integrity": "sha1-soqmKIorn8ZRA1x3EfZathkDMaY="
    }
  }
}
