{
  "name": "heroku-addonpool",
  "version": "0.1.1",
  "lockfileVersion": 1,
  "requires": true,
  "dependencies": {
    "heroku-clisetup": {
      "version": "0.1.0",
      "resolved": "https://registry.npmjs.org/heroku-clisetup/-/heroku-clisetup-0.1.0.tgz",
      "integrity": "sha512-mhAaV8lMHjmUqWCt8Ol2lTF9sRNjLlQZbljj2K+zhMFTuQdhSRsEtveb0Ajzc/k03w6L58eWEAWP+xxqlXRmCg=="
    },
    "lodash.camelcase": {
      "version": "4.3.0",
      "resolved": "https://registry.npmjs.org/lodash.camelcase/-/lodash.camelcase-4.3.0.tgz",
      "integrity": "sha1-soqmKIorn8ZRA1x3EfZathkDMaY="
    }
  }
}
