{
  "name": "heroku-addonpool",
  "version": "1.0.2",
  "lockfileVersion": 2,
  "requires": true,
  "packages": {
    "": {
      "name": "heroku-addonpool",
      "version": "1.0.2",
      "license": "MIT",
      "dependencies": {
        "heroku-clisetup": "^1.0.1",
        "lodash.camelcase": "^4.3.0"
      }
    },
    "node_modules/heroku-clisetup": {
      "version": "1.0.1",
      "resolved": "https://registry.npmjs.org/heroku-clisetup/-/heroku-clisetup-1.0.1.tgz",
      "integrity": "sha512-BnwEAbq+nfX4fRcJ18mTvcpl89RGMTgNsvVSqXYzFQr7JiXLxdYa9KUUg2uf47c8doBayk9NpKsylOZCLp1wrQ=="
    },
    "node_modules/lodash.camelcase": {
      "version": "4.3.0",
      "resolved": "https://registry.npmjs.org/lodash.camelcase/-/lodash.camelcase-4.3.0.tgz",
      "integrity": "sha1-soqmKIorn8ZRA1x3EfZathkDMaY="
    }
  },
  "dependencies": {
    "heroku-clisetup": {
      "version": "1.0.1",
      "resolved": "https://registry.npmjs.org/heroku-clisetup/-/heroku-clisetup-1.0.1.tgz",
      "integrity": "sha512-BnwEAbq+nfX4fRcJ18mTvcpl89RGMTgNsvVSqXYzFQr7JiXLxdYa9KUUg2uf47c8doBayk9NpKsylOZCLp1wrQ=="
    },
    "lodash.camelcase": {
      "version": "4.3.0",
      "resolved": "https://registry.npmjs.org/lodash.camelcase/-/lodash.camelcase-4.3.0.tgz",
      "integrity": "sha1-soqmKIorn8ZRA1x3EfZathkDMaY="
    }
  }
}
